
Microsoft Visual Studio Solution File, Format Version 12.00
# Visual Studio 14
VisualStudioVersion = 14.0.25420.1
MinimumVisualStudioVersion = 10.0.40219.1
Project("{FAE04EC0-301F-11D3-BF4B-00C04F79EFBC}") = "MVApp", "MVApp\MVApp\MVApp.csproj", "{52F9B0EC-DFDF-4638-8184-49C9E3265314}"
EndProject
Project("{FAE04EC0-301F-11D3-BF4B-00C04F79EFBC}") = "MVApp.Droid", "MVApp\MVApp.Droid\MVApp.Droid.csproj", "{03888804-AAAF-4E00-A80B-9A6602A3F78B}"
EndProject
Project("{FAE04EC0-301F-11D3-BF4B-00C04F79EFBC}") = "MVApp.iOS", "MVApp\MVApp.iOS\MVApp.iOS.csproj", "{3C9240B9-ECB1-4D85-9740-3F127A0AF701}"
EndProject
Project("{FAE04EC0-301F-11D3-BF4B-00C04F79EFBC}") = "MVApp.WinPhone", "MVApp\MVApp.WinPhone\MVApp.WinPhone.csproj", "{E174F0C6-8874-496F-BE71-0B279F9B0C57}"
EndProject
Project("{FAE04EC0-301F-11D3-BF4B-00C04F79EFBC}") = "MVApp.UWP", "MVApp\MVApp.UWP\MVApp.UWP.csproj", "{F34AF825-1AF5-4744-BE03-1A813FF84519}"
EndProject
Project("{FAE04EC0-301F-11D3-BF4B-00C04F79EFBC}") = "MVApp.Windows", "MVApp\MVApp.Windows\MVApp.Windows.csproj", "{02BF4FFC-A22B-4BEA-8FD0-25F2F67C6B74}"
EndProject
Global
	GlobalSection(SolutionConfigurationPlatforms) = preSolution
		Ad-Hoc|Any CPU = Ad-Hoc|Any CPU
		Ad-Hoc|ARM = Ad-Hoc|ARM
		Ad-Hoc|iPhone = Ad-Hoc|iPhone
		Ad-Hoc|iPhoneSimulator = Ad-Hoc|iPhoneSimulator
		Ad-Hoc|x64 = Ad-Hoc|x64
		Ad-Hoc|x86 = Ad-Hoc|x86
		AppStore|Any CPU = AppStore|Any CPU
		AppStore|ARM = AppStore|ARM
		AppStore|iPhone = AppStore|iPhone
		AppStore|iPhoneSimulator = AppStore|iPhoneSimulator
		AppStore|x64 = AppStore|x64
		AppStore|x86 = AppStore|x86
		Debug|Any CPU = Debug|Any CPU
		Debug|ARM = Debug|ARM
		Debug|iPhone = Debug|iPhone
		Debug|iPhoneSimulator = Debug|iPhoneSimulator
		Debug|x64 = Debug|x64
		Debug|x86 = Debug|x86
		Release|Any CPU = Release|Any CPU
		Release|ARM = Release|ARM
		Release|iPhone = Release|iPhone
		Release|iPhoneSimulator = Release|iPhoneSimulator
		Release|x64 = Release|x64
		Release|x86 = Release|x86
	EndGlobalSection
	GlobalSection(ProjectConfigurationPlatforms) = postSolution
		{52F9B0EC-DFDF-4638-8184-49C9E3265314}.Ad-Hoc|Any CPU.ActiveCfg = Release|Any CPU
		{52F9B0EC-DFDF-4638-8184-49C9E3265314}.Ad-Hoc|Any CPU.Build.0 = Release|Any CPU
		{52F9B0EC-DFDF-4638-8184-49C9E3265314}.Ad-Hoc|ARM.ActiveCfg = Release|Any CPU
		{52F9B0EC-DFDF-4638-8184-49C9E3265314}.Ad-Hoc|ARM.Build.0 = Release|Any CPU
		{52F9B0EC-DFDF-4638-8184-49C9E3265314}.Ad-Hoc|iPhone.ActiveCfg = Release|Any CPU
		{52F9B0EC-DFDF-4638-8184-49C9E3265314}.Ad-Hoc|iPhone.Build.0 = Release|Any CPU
		{52F9B0EC-DFDF-4638-8184-49C9E3265314}.Ad-Hoc|iPhoneSimulator.ActiveCfg = Release|Any CPU
		{52F9B0EC-DFDF-4638-8184-49C9E3265314}.Ad-Hoc|iPhoneSimulator.Build.0 = Release|Any CPU
		{52F9B0EC-DFDF-4638-8184-49C9E3265314}.Ad-Hoc|x64.ActiveCfg = Release|Any CPU
		{52F9B0EC-DFDF-4638-8184-49C9E3265314}.Ad-Hoc|x64.Build.0 = Release|Any CPU
		{52F9B0EC-DFDF-4638-8184-49C9E3265314}.Ad-Hoc|x86.ActiveCfg = Release|Any CPU
		{52F9B0EC-DFDF-4638-8184-49C9E3265314}.Ad-Hoc|x86.Build.0 = Release|Any CPU
		{52F9B0EC-DFDF-4638-8184-49C9E3265314}.AppStore|Any CPU.ActiveCfg = Release|Any CPU
		{52F9B0EC-DFDF-4638-8184-49C9E3265314}.AppStore|Any CPU.Build.0 = Release|Any CPU
		{52F9B0EC-DFDF-4638-8184-49C9E3265314}.AppStore|ARM.ActiveCfg = Release|Any CPU
		{52F9B0EC-DFDF-4638-8184-49C9E3265314}.AppStore|ARM.Build.0 = Release|Any CPU
		{52F9B0EC-DFDF-4638-8184-49C9E3265314}.AppStore|iPhone.ActiveCfg = Release|Any CPU
		{52F9B0EC-DFDF-4638-8184-49C9E3265314}.AppStore|iPhone.Build.0 = Release|Any CPU
		{52F9B0EC-DFDF-4638-8184-49C9E3265314}.AppStore|iPhoneSimulator.ActiveCfg = Release|Any CPU
		{52F9B0EC-DFDF-4638-8184-49C9E3265314}.AppStore|iPhoneSimulator.Build.0 = Release|Any CPU
		{52F9B0EC-DFDF-4638-8184-49C9E3265314}.AppStore|x64.ActiveCfg = Release|Any CPU
		{52F9B0EC-DFDF-4638-8184-49C9E3265314}.AppStore|x64.Build.0 = Release|Any CPU
		{52F9B0EC-DFDF-4638-8184-49C9E3265314}.AppStore|x86.ActiveCfg = Release|Any CPU
		{52F9B0EC-DFDF-4638-8184-49C9E3265314}.AppStore|x86.Build.0 = Release|Any CPU
		{52F9B0EC-DFDF-4638-8184-49C9E3265314}.Debug|Any CPU.ActiveCfg = Debug|Any CPU
		{52F9B0EC-DFDF-4638-8184-49C9E3265314}.Debug|Any CPU.Build.0 = Debug|Any CPU
		{52F9B0EC-DFDF-4638-8184-49C9E3265314}.Debug|ARM.ActiveCfg = Debug|Any CPU
		{52F9B0EC-DFDF-4638-8184-49C9E3265314}.Debug|ARM.Build.0 = Debug|Any CPU
		{52F9B0EC-DFDF-4638-8184-49C9E3265314}.Debug|iPhone.ActiveCfg = Debug|Any CPU
		{52F9B0EC-DFDF-4638-8184-49C9E3265314}.Debug|iPhone.Build.0 = Debug|Any CPU
		{52F9B0EC-DFDF-4638-8184-49C9E3265314}.Debug|iPhoneSimulator.ActiveCfg = Debug|Any CPU
		{52F9B0EC-DFDF-4638-8184-49C9E3265314}.Debug|iPhoneSimulator.Build.0 = Debug|Any CPU
		{52F9B0EC-DFDF-4638-8184-49C9E3265314}.Debug|x64.ActiveCfg = Debug|Any CPU
		{52F9B0EC-DFDF-4638-8184-49C9E3265314}.Debug|x64.Build.0 = Debug|Any CPU
		{52F9B0EC-DFDF-4638-8184-49C9E3265314}.Debug|x86.ActiveCfg = Debug|Any CPU
		{52F9B0EC-DFDF-4638-8184-49C9E3265314}.Debug|x86.Build.0 = Debug|Any CPU
		{52F9B0EC-DFDF-4638-8184-49C9E3265314}.Release|Any CPU.ActiveCfg = Release|Any CPU
		{52F9B0EC-DFDF-4638-8184-49C9E3265314}.Release|Any CPU.Build.0 = Release|Any CPU
		{52F9B0EC-DFDF-4638-8184-49C9E3265314}.Release|ARM.ActiveCfg = Release|Any CPU
		{52F9B0EC-DFDF-4638-8184-49C9E3265314}.Release|ARM.Build.0 = Release|Any CPU
		{52F9B0EC-DFDF-4638-8184-49C9E3265314}.Release|iPhone.ActiveCfg = Release|Any CPU
		{52F9B0EC-DFDF-4638-8184-49C9E3265314}.Release|iPhone.Build.0 = Release|Any CPU
		{52F9B0EC-DFDF-4638-8184-49C9E3265314}.Release|iPhoneSimulator.ActiveCfg = Release|Any CPU
		{52F9B0EC-DFDF-4638-8184-49C9E3265314}.Release|iPhoneSimulator.Build.0 = Release|Any CPU
		{52F9B0EC-DFDF-4638-8184-49C9E3265314}.Release|x64.ActiveCfg = Release|Any CPU
		{52F9B0EC-DFDF-4638-8184-49C9E3265314}.Release|x64.Build.0 = Release|Any CPU
		{52F9B0EC-DFDF-4638-8184-49C9E3265314}.Release|x86.ActiveCfg = Release|Any CPU
		{52F9B0EC-DFDF-4638-8184-49C9E3265314}.Release|x86.Build.0 = Release|Any CPU
		{03888804-AAAF-4E00-A80B-9A6602A3F78B}.Ad-Hoc|Any CPU.ActiveCfg = Release|Any CPU
		{03888804-AAAF-4E00-A80B-9A6602A3F78B}.Ad-Hoc|Any CPU.Build.0 = Release|Any CPU
		{03888804-AAAF-4E00-A80B-9A6602A3F78B}.Ad-Hoc|Any CPU.Deploy.0 = Release|Any CPU
		{03888804-AAAF-4E00-A80B-9A6602A3F78B}.Ad-Hoc|ARM.ActiveCfg = Release|Any CPU
		{03888804-AAAF-4E00-A80B-9A6602A3F78B}.Ad-Hoc|ARM.Build.0 = Release|Any CPU
		{03888804-AAAF-4E00-A80B-9A6602A3F78B}.Ad-Hoc|ARM.Deploy.0 = Release|Any CPU
		{03888804-AAAF-4E00-A80B-9A6602A3F78B}.Ad-Hoc|iPhone.ActiveCfg = Release|Any CPU
		{03888804-AAAF-4E00-A80B-9A6602A3F78B}.Ad-Hoc|iPhone.Build.0 = Release|Any CPU
		{03888804-AAAF-4E00-A80B-9A6602A3F78B}.Ad-Hoc|iPhone.Deploy.0 = Release|Any CPU
		{03888804-AAAF-4E00-A80B-9A6602A3F78B}.Ad-Hoc|iPhoneSimulator.ActiveCfg = Release|Any CPU
		{03888804-AAAF-4E00-A80B-9A6602A3F78B}.Ad-Hoc|iPhoneSimulator.Build.0 = Release|Any CPU
		{03888804-AAAF-4E00-A80B-9A6602A3F78B}.Ad-Hoc|iPhoneSimulator.Deploy.0 = Release|Any CPU
		{03888804-AAAF-4E00-A80B-9A6602A3F78B}.Ad-Hoc|x64.ActiveCfg = Release|Any CPU
		{03888804-AAAF-4E00-A80B-9A6602A3F78B}.Ad-Hoc|x64.Build.0 = Release|Any CPU
		{03888804-AAAF-4E00-A80B-9A6602A3F78B}.Ad-Hoc|x64.Deploy.0 = Release|Any CPU
		{03888804-AAAF-4E00-A80B-9A6602A3F78B}.Ad-Hoc|x86.ActiveCfg = Release|Any CPU
		{03888804-AAAF-4E00-A80B-9A6602A3F78B}.Ad-Hoc|x86.Build.0 = Release|Any CPU
		{03888804-AAAF-4E00-A80B-9A6602A3F78B}.Ad-Hoc|x86.Deploy.0 = Release|Any CPU
		{03888804-AAAF-4E00-A80B-9A6602A3F78B}.AppStore|Any CPU.ActiveCfg = Release|Any CPU
		{03888804-AAAF-4E00-A80B-9A6602A3F78B}.AppStore|Any CPU.Build.0 = Release|Any CPU
		{03888804-AAAF-4E00-A80B-9A6602A3F78B}.AppStore|Any CPU.Deploy.0 = Release|Any CPU
		{03888804-AAAF-4E00-A80B-9A6602A3F78B}.AppStore|ARM.ActiveCfg = Release|Any CPU
		{03888804-AAAF-4E00-A80B-9A6602A3F78B}.AppStore|ARM.Build.0 = Release|Any CPU
		{03888804-AAAF-4E00-A80B-9A6602A3F78B}.AppStore|ARM.Deploy.0 = Release|Any CPU
		{03888804-AAAF-4E00-A80B-9A6602A3F78B}.AppStore|iPhone.ActiveCfg = Release|Any CPU
		{03888804-AAAF-4E00-A80B-9A6602A3F78B}.AppStore|iPhone.Build.0 = Release|Any CPU
		{03888804-AAAF-4E00-A80B-9A6602A3F78B}.AppStore|iPhone.Deploy.0 = Release|Any CPU
		{03888804-AAAF-4E00-A80B-9A6602A3F78B}.AppStore|iPhoneSimulator.ActiveCfg = Release|Any CPU
		{03888804-AAAF-4E00-A80B-9A6602A3F78B}.AppStore|iPhoneSimulator.Build.0 = Release|Any CPU
		{03888804-AAAF-4E00-A80B-9A6602A3F78B}.AppStore|iPhoneSimulator.Deploy.0 = Release|Any CPU
		{03888804-AAAF-4E00-A80B-9A6602A3F78B}.AppStore|x64.ActiveCfg = Release|Any CPU
		{03888804-AAAF-4E00-A80B-9A6602A3F78B}.AppStore|x64.Build.0 = Release|Any CPU
		{03888804-AAAF-4E00-A80B-9A6602A3F78B}.AppStore|x64.Deploy.0 = Release|Any CPU
		{03888804-AAAF-4E00-A80B-9A6602A3F78B}.AppStore|x86.ActiveCfg = Release|Any CPU
		{03888804-AAAF-4E00-A80B-9A6602A3F78B}.AppStore|x86.Build.0 = Release|Any CPU
		{03888804-AAAF-4E00-A80B-9A6602A3F78B}.AppStore|x86.Deploy.0 = Release|Any CPU
		{03888804-AAAF-4E00-A80B-9A6602A3F78B}.Debug|Any CPU.ActiveCfg = Debug|Any CPU
		{03888804-AAAF-4E00-A80B-9A6602A3F78B}.Debug|Any CPU.Build.0 = Debug|Any CPU
		{03888804-AAAF-4E00-A80B-9A6602A3F78B}.Debug|Any CPU.Deploy.0 = Debug|Any CPU
		{03888804-AAAF-4E00-A80B-9A6602A3F78B}.Debug|ARM.ActiveCfg = Debug|Any CPU
		{03888804-AAAF-4E00-A80B-9A6602A3F78B}.Debug|ARM.Build.0 = Debug|Any CPU
		{03888804-AAAF-4E00-A80B-9A6602A3F78B}.Debug|ARM.Deploy.0 = Debug|Any CPU
		{03888804-AAAF-4E00-A80B-9A6602A3F78B}.Debug|iPhone.ActiveCfg = Debug|Any CPU
		{03888804-AAAF-4E00-A80B-9A6602A3F78B}.Debug|iPhone.Build.0 = Debug|Any CPU
		{03888804-AAAF-4E00-A80B-9A6602A3F78B}.Debug|iPhone.Deploy.0 = Debug|Any CPU
		{03888804-AAAF-4E00-A80B-9A6602A3F78B}.Debug|iPhoneSimulator.ActiveCfg = Debug|Any CPU
		{03888804-AAAF-4E00-A80B-9A6602A3F78B}.Debug|iPhoneSimulator.Build.0 = Debug|Any CPU
		{03888804-AAAF-4E00-A80B-9A6602A3F78B}.Debug|iPhoneSimulator.Deploy.0 = Debug|Any CPU
		{03888804-AAAF-4E00-A80B-9A6602A3F78B}.Debug|x64.ActiveCfg = Debug|Any CPU
		{03888804-AAAF-4E00-A80B-9A6602A3F78B}.Debug|x64.Build.0 = Debug|Any CPU
		{03888804-AAAF-4E00-A80B-9A6602A3F78B}.Debug|x64.Deploy.0 = Debug|Any CPU
		{03888804-AAAF-4E00-A80B-9A6602A3F78B}.Debug|x86.ActiveCfg = Debug|Any CPU
		{03888804-AAAF-4E00-A80B-9A6602A3F78B}.Debug|x86.Build.0 = Debug|Any CPU
		{03888804-AAAF-4E00-A80B-9A6602A3F78B}.Debug|x86.Deploy.0 = Debug|Any CPU
		{03888804-AAAF-4E00-A80B-9A6602A3F78B}.Release|Any CPU.ActiveCfg = Release|Any CPU
		{03888804-AAAF-4E00-A80B-9A6602A3F78B}.Release|Any CPU.Build.0 = Release|Any CPU
		{03888804-AAAF-4E00-A80B-9A6602A3F78B}.Release|Any CPU.Deploy.0 = Release|Any CPU
		{03888804-AAAF-4E00-A80B-9A6602A3F78B}.Release|ARM.ActiveCfg = Release|Any CPU
		{03888804-AAAF-4E00-A80B-9A6602A3F78B}.Release|ARM.Build.0 = Release|Any CPU
		{03888804-AAAF-4E00-A80B-9A6602A3F78B}.Release|ARM.Deploy.0 = Release|Any CPU
		{03888804-AAAF-4E00-A80B-9A6602A3F78B}.Release|iPhone.ActiveCfg = Release|Any CPU
		{03888804-AAAF-4E00-A80B-9A6602A3F78B}.Release|iPhone.Build.0 = Release|Any CPU
		{03888804-AAAF-4E00-A80B-9A6602A3F78B}.Release|iPhone.Deploy.0 = Release|Any CPU
		{03888804-AAAF-4E00-A80B-9A6602A3F78B}.Release|iPhoneSimulator.ActiveCfg = Release|Any CPU
		{03888804-AAAF-4E00-A80B-9A6602A3F78B}.Release|iPhoneSimulator.Build.0 = Release|Any CPU
		{03888804-AAAF-4E00-A80B-9A6602A3F78B}.Release|iPhoneSimulator.Deploy.0 = Release|Any CPU
		{03888804-AAAF-4E00-A80B-9A6602A3F78B}.Release|x64.ActiveCfg = Release|Any CPU
		{03888804-AAAF-4E00-A80B-9A6602A3F78B}.Release|x64.Build.0 = Release|Any CPU
		{03888804-AAAF-4E00-A80B-9A6602A3F78B}.Release|x64.Deploy.0 = Release|Any CPU
		{03888804-AAAF-4E00-A80B-9A6602A3F78B}.Release|x86.ActiveCfg = Release|Any CPU
		{03888804-AAAF-4E00-A80B-9A6602A3F78B}.Release|x86.Build.0 = Release|Any CPU
		{03888804-AAAF-4E00-A80B-9A6602A3F78B}.Release|x86.Deploy.0 = Release|Any CPU
		{3C9240B9-ECB1-4D85-9740-3F127A0AF701}.Ad-Hoc|Any CPU.ActiveCfg = Ad-Hoc|iPhone
		{3C9240B9-ECB1-4D85-9740-3F127A0AF701}.Ad-Hoc|ARM.ActiveCfg = Ad-Hoc|iPhone
		{3C9240B9-ECB1-4D85-9740-3F127A0AF701}.Ad-Hoc|iPhone.ActiveCfg = Ad-Hoc|iPhone
		{3C9240B9-ECB1-4D85-9740-3F127A0AF701}.Ad-Hoc|iPhone.Build.0 = Ad-Hoc|iPhone
		{3C9240B9-ECB1-4D85-9740-3F127A0AF701}.Ad-Hoc|iPhoneSimulator.ActiveCfg = Ad-Hoc|iPhoneSimulator
		{3C9240B9-ECB1-4D85-9740-3F127A0AF701}.Ad-Hoc|iPhoneSimulator.Build.0 = Ad-Hoc|iPhoneSimulator
		{3C9240B9-ECB1-4D85-9740-3F127A0AF701}.Ad-Hoc|x64.ActiveCfg = Ad-Hoc|iPhone
		{3C9240B9-ECB1-4D85-9740-3F127A0AF701}.Ad-Hoc|x86.ActiveCfg = Ad-Hoc|iPhone
		{3C9240B9-ECB1-4D85-9740-3F127A0AF701}.AppStore|Any CPU.ActiveCfg = AppStore|iPhone
		{3C9240B9-ECB1-4D85-9740-3F127A0AF701}.AppStore|ARM.ActiveCfg = AppStore|iPhone
		{3C9240B9-ECB1-4D85-9740-3F127A0AF701}.AppStore|iPhone.ActiveCfg = AppStore|iPhone
		{3C9240B9-ECB1-4D85-9740-3F127A0AF701}.AppStore|iPhone.Build.0 = AppStore|iPhone
		{3C9240B9-ECB1-4D85-9740-3F127A0AF701}.AppStore|iPhoneSimulator.ActiveCfg = AppStore|iPhoneSimulator
		{3C9240B9-ECB1-4D85-9740-3F127A0AF701}.AppStore|iPhoneSimulator.Build.0 = AppStore|iPhoneSimulator
		{3C9240B9-ECB1-4D85-9740-3F127A0AF701}.AppStore|x64.ActiveCfg = AppStore|iPhone
		{3C9240B9-ECB1-4D85-9740-3F127A0AF701}.AppStore|x86.ActiveCfg = AppStore|iPhone
		{3C9240B9-ECB1-4D85-9740-3F127A0AF701}.Debug|Any CPU.ActiveCfg = Debug|iPhone
		{3C9240B9-ECB1-4D85-9740-3F127A0AF701}.Debug|ARM.ActiveCfg = Debug|iPhone
		{3C9240B9-ECB1-4D85-9740-3F127A0AF701}.Debug|iPhone.ActiveCfg = Debug|iPhone
		{3C9240B9-ECB1-4D85-9740-3F127A0AF701}.Debug|iPhone.Build.0 = Debug|iPhone
		{3C9240B9-ECB1-4D85-9740-3F127A0AF701}.Debug|iPhoneSimulator.ActiveCfg = Debug|iPhoneSimulator
		{3C9240B9-ECB1-4D85-9740-3F127A0AF701}.Debug|iPhoneSimulator.Build.0 = Debug|iPhoneSimulator
		{3C9240B9-ECB1-4D85-9740-3F127A0AF701}.Debug|x64.ActiveCfg = Debug|iPhone
		{3C9240B9-ECB1-4D85-9740-3F127A0AF701}.Debug|x86.ActiveCfg = Debug|iPhone
		{3C9240B9-ECB1-4D85-9740-3F127A0AF701}.Release|Any CPU.ActiveCfg = Release|iPhone
		{3C9240B9-ECB1-4D85-9740-3F127A0AF701}.Release|ARM.ActiveCfg = Release|iPhone
		{3C9240B9-ECB1-4D85-9740-3F127A0AF701}.Release|iPhone.ActiveCfg = Release|iPhone
		{3C9240B9-ECB1-4D85-9740-3F127A0AF701}.Release|iPhone.Build.0 = Release|iPhone
		{3C9240B9-ECB1-4D85-9740-3F127A0AF701}.Release|iPhoneSimulator.ActiveCfg = Release|iPhoneSimulator
		{3C9240B9-ECB1-4D85-9740-3F127A0AF701}.Release|iPhoneSimulator.Build.0 = Release|iPhoneSimulator
		{3C9240B9-ECB1-4D85-9740-3F127A0AF701}.Release|x64.ActiveCfg = Release|iPhone
		{3C9240B9-ECB1-4D85-9740-3F127A0AF701}.Release|x86.ActiveCfg = Release|iPhone
		{E174F0C6-8874-496F-BE71-0B279F9B0C57}.Ad-Hoc|Any CPU.ActiveCfg = Release|Any CPU
		{E174F0C6-8874-496F-BE71-0B279F9B0C57}.Ad-Hoc|Any CPU.Build.0 = Release|Any CPU
		{E174F0C6-8874-496F-BE71-0B279F9B0C57}.Ad-Hoc|Any CPU.Deploy.0 = Release|Any CPU
		{E174F0C6-8874-496F-BE71-0B279F9B0C57}.Ad-Hoc|ARM.ActiveCfg = Release|ARM
		{E174F0C6-8874-496F-BE71-0B279F9B0C57}.Ad-Hoc|ARM.Build.0 = Release|ARM
		{E174F0C6-8874-496F-BE71-0B279F9B0C57}.Ad-Hoc|ARM.Deploy.0 = Release|ARM
		{E174F0C6-8874-496F-BE71-0B279F9B0C57}.Ad-Hoc|iPhone.ActiveCfg = Release|Any CPU
		{E174F0C6-8874-496F-BE71-0B279F9B0C57}.Ad-Hoc|iPhone.Build.0 = Release|Any CPU
		{E174F0C6-8874-496F-BE71-0B279F9B0C57}.Ad-Hoc|iPhone.Deploy.0 = Release|Any CPU
		{E174F0C6-8874-496F-BE71-0B279F9B0C57}.Ad-Hoc|iPhoneSimulator.ActiveCfg = Release|Any CPU
		{E174F0C6-8874-496F-BE71-0B279F9B0C57}.Ad-Hoc|iPhoneSimulator.Build.0 = Release|Any CPU
		{E174F0C6-8874-496F-BE71-0B279F9B0C57}.Ad-Hoc|iPhoneSimulator.Deploy.0 = Release|Any CPU
		{E174F0C6-8874-496F-BE71-0B279F9B0C57}.Ad-Hoc|x64.ActiveCfg = Release|Any CPU
		{E174F0C6-8874-496F-BE71-0B279F9B0C57}.Ad-Hoc|x64.Build.0 = Release|Any CPU
		{E174F0C6-8874-496F-BE71-0B279F9B0C57}.Ad-Hoc|x64.Deploy.0 = Release|Any CPU
		{E174F0C6-8874-496F-BE71-0B279F9B0C57}.Ad-Hoc|x86.ActiveCfg = Release|x86
		{E174F0C6-8874-496F-BE71-0B279F9B0C57}.Ad-Hoc|x86.Build.0 = Release|x86
		{E174F0C6-8874-496F-BE71-0B279F9B0C57}.Ad-Hoc|x86.Deploy.0 = Release|x86
		{E174F0C6-8874-496F-BE71-0B279F9B0C57}.AppStore|Any CPU.ActiveCfg = Release|Any CPU
		{E174F0C6-8874-496F-BE71-0B279F9B0C57}.AppStore|Any CPU.Build.0 = Release|Any CPU
		{E174F0C6-8874-496F-BE71-0B279F9B0C57}.AppStore|Any CPU.Deploy.0 = Release|Any CPU
		{E174F0C6-8874-496F-BE71-0B279F9B0C57}.AppStore|ARM.ActiveCfg = Release|ARM
		{E174F0C6-8874-496F-BE71-0B279F9B0C57}.AppStore|ARM.Build.0 = Release|ARM
		{E174F0C6-8874-496F-BE71-0B279F9B0C57}.AppStore|ARM.Deploy.0 = Release|ARM
		{E174F0C6-8874-496F-BE71-0B279F9B0C57}.AppStore|iPhone.ActiveCfg = Release|Any CPU
		{E174F0C6-8874-496F-BE71-0B279F9B0C57}.AppStore|iPhone.Build.0 = Release|Any CPU
		{E174F0C6-8874-496F-BE71-0B279F9B0C57}.AppStore|iPhone.Deploy.0 = Release|Any CPU
		{E174F0C6-8874-496F-BE71-0B279F9B0C57}.AppStore|iPhoneSimulator.ActiveCfg = Release|Any CPU
		{E174F0C6-8874-496F-BE71-0B279F9B0C57}.AppStore|iPhoneSimulator.Build.0 = Release|Any CPU
		{E174F0C6-8874-496F-BE71-0B279F9B0C57}.AppStore|iPhoneSimulator.Deploy.0 = Release|Any CPU
		{E174F0C6-8874-496F-BE71-0B279F9B0C57}.AppStore|x64.ActiveCfg = Release|Any CPU
		{E174F0C6-8874-496F-BE71-0B279F9B0C57}.AppStore|x64.Build.0 = Release|Any CPU
		{E174F0C6-8874-496F-BE71-0B279F9B0C57}.AppStore|x64.Deploy.0 = Release|Any CPU
		{E174F0C6-8874-496F-BE71-0B279F9B0C57}.AppStore|x86.ActiveCfg = Release|x86
		{E174F0C6-8874-496F-BE71-0B279F9B0C57}.AppStore|x86.Build.0 = Release|x86
		{E174F0C6-8874-496F-BE71-0B279F9B0C57}.AppStore|x86.Deploy.0 = Release|x86
		{E174F0C6-8874-496F-BE71-0B279F9B0C57}.Debug|Any CPU.ActiveCfg = Debug|Any CPU
		{E174F0C6-8874-496F-BE71-0B279F9B0C57}.Debug|Any CPU.Build.0 = Debug|Any CPU
		{E174F0C6-8874-496F-BE71-0B279F9B0C57}.Debug|Any CPU.Deploy.0 = Debug|Any CPU
		{E174F0C6-8874-496F-BE71-0B279F9B0C57}.Debug|ARM.ActiveCfg = Debug|ARM
		{E174F0C6-8874-496F-BE71-0B279F9B0C57}.Debug|ARM.Build.0 = Debug|ARM
		{E174F0C6-8874-496F-BE71-0B279F9B0C57}.Debug|ARM.Deploy.0 = Debug|ARM
		{E174F0C6-8874-496F-BE71-0B279F9B0C57}.Debug|iPhone.ActiveCfg = Debug|Any CPU
		{E174F0C6-8874-496F-BE71-0B279F9B0C57}.Debug|iPhone.Build.0 = Debug|Any CPU
		{E174F0C6-8874-496F-BE71-0B279F9B0C57}.Debug|iPhone.Deploy.0 = Debug|Any CPU
		{E174F0C6-8874-496F-BE71-0B279F9B0C57}.Debug|iPhoneSimulator.ActiveCfg = Debug|Any CPU
		{E174F0C6-8874-496F-BE71-0B279F9B0C57}.Debug|iPhoneSimulator.Build.0 = Debug|Any CPU
		{E174F0C6-8874-496F-BE71-0B279F9B0C57}.Debug|iPhoneSimulator.Deploy.0 = Debug|Any CPU
		{E174F0C6-8874-496F-BE71-0B279F9B0C57}.Debug|x64.ActiveCfg = Debug|Any CPU
		{E174F0C6-8874-496F-BE71-0B279F9B0C57}.Debug|x64.Build.0 = Debug|Any CPU
		{E174F0C6-8874-496F-BE71-0B279F9B0C57}.Debug|x64.Deploy.0 = Debug|Any CPU
		{E174F0C6-8874-496F-BE71-0B279F9B0C57}.Debug|x86.ActiveCfg = Debug|x86
		{E174F0C6-8874-496F-BE71-0B279F9B0C57}.Debug|x86.Build.0 = Debug|x86
		{E174F0C6-8874-496F-BE71-0B279F9B0C57}.Debug|x86.Deploy.0 = Debug|x86
		{E174F0C6-8874-496F-BE71-0B279F9B0C57}.Release|Any CPU.ActiveCfg = Release|Any CPU
		{E174F0C6-8874-496F-BE71-0B279F9B0C57}.Release|Any CPU.Build.0 = Release|Any CPU
		{E174F0C6-8874-496F-BE71-0B279F9B0C57}.Release|Any CPU.Deploy.0 = Release|Any CPU
		{E174F0C6-8874-496F-BE71-0B279F9B0C57}.Release|ARM.ActiveCfg = Release|ARM
		{E174F0C6-8874-496F-BE71-0B279F9B0C57}.Release|ARM.Build.0 = Release|ARM
		{E174F0C6-8874-496F-BE71-0B279F9B0C57}.Release|ARM.Deploy.0 = Release|ARM
		{E174F0C6-8874-496F-BE71-0B279F9B0C57}.Release|iPhone.ActiveCfg = Release|Any CPU
		{E174F0C6-8874-496F-BE71-0B279F9B0C57}.Release|iPhone.Build.0 = Release|Any CPU
		{E174F0C6-8874-496F-BE71-0B279F9B0C57}.Release|iPhone.Deploy.0 = Release|Any CPU
		{E174F0C6-8874-496F-BE71-0B279F9B0C57}.Release|iPhoneSimulator.ActiveCfg = Release|Any CPU
		{E174F0C6-8874-496F-BE71-0B279F9B0C57}.Release|iPhoneSimulator.Build.0 = Release|Any CPU
		{E174F0C6-8874-496F-BE71-0B279F9B0C57}.Release|iPhoneSimulator.Deploy.0 = Release|Any CPU
		{E174F0C6-8874-496F-BE71-0B279F9B0C57}.Release|x64.ActiveCfg = Release|Any CPU
		{E174F0C6-8874-496F-BE71-0B279F9B0C57}.Release|x64.Build.0 = Release|Any CPU
		{E174F0C6-8874-496F-BE71-0B279F9B0C57}.Release|x64.Deploy.0 = Release|Any CPU
		{E174F0C6-8874-496F-BE71-0B279F9B0C57}.Release|x86.ActiveCfg = Release|x86
		{E174F0C6-8874-496F-BE71-0B279F9B0C57}.Release|x86.Build.0 = Release|x86
		{E174F0C6-8874-496F-BE71-0B279F9B0C57}.Release|x86.Deploy.0 = Release|x86
		{F34AF825-1AF5-4744-BE03-1A813FF84519}.Ad-Hoc|Any CPU.ActiveCfg = Release|x86
		{F34AF825-1AF5-4744-BE03-1A813FF84519}.Ad-Hoc|Any CPU.Build.0 = Release|x86
		{F34AF825-1AF5-4744-BE03-1A813FF84519}.Ad-Hoc|Any CPU.Deploy.0 = Release|x86
		{F34AF825-1AF5-4744-BE03-1A813FF84519}.Ad-Hoc|ARM.ActiveCfg = Release|ARM
		{F34AF825-1AF5-4744-BE03-1A813FF84519}.Ad-Hoc|ARM.Build.0 = Release|ARM
		{F34AF825-1AF5-4744-BE03-1A813FF84519}.Ad-Hoc|ARM.Deploy.0 = Release|ARM
		{F34AF825-1AF5-4744-BE03-1A813FF84519}.Ad-Hoc|iPhone.ActiveCfg = Release|x86
		{F34AF825-1AF5-4744-BE03-1A813FF84519}.Ad-Hoc|iPhone.Build.0 = Release|x86
		{F34AF825-1AF5-4744-BE03-1A813FF84519}.Ad-Hoc|iPhone.Deploy.0 = Release|x86
		{F34AF825-1AF5-4744-BE03-1A813FF84519}.Ad-Hoc|iPhoneSimulator.ActiveCfg = Release|x86
		{F34AF825-1AF5-4744-BE03-1A813FF84519}.Ad-Hoc|iPhoneSimulator.Build.0 = Release|x86
		{F34AF825-1AF5-4744-BE03-1A813FF84519}.Ad-Hoc|iPhoneSimulator.Deploy.0 = Release|x86
		{F34AF825-1AF5-4744-BE03-1A813FF84519}.Ad-Hoc|x64.ActiveCfg = Release|x64
		{F34AF825-1AF5-4744-BE03-1A813FF84519}.Ad-Hoc|x64.Build.0 = Release|x64
		{F34AF825-1AF5-4744-BE03-1A813FF84519}.Ad-Hoc|x64.Deploy.0 = Release|x64
		{F34AF825-1AF5-4744-BE03-1A813FF84519}.Ad-Hoc|x86.ActiveCfg = Release|x86
		{F34AF825-1AF5-4744-BE03-1A813FF84519}.Ad-Hoc|x86.Build.0 = Release|x86
		{F34AF825-1AF5-4744-BE03-1A813FF84519}.Ad-Hoc|x86.Deploy.0 = Release|x86
		{F34AF825-1AF5-4744-BE03-1A813FF84519}.AppStore|Any CPU.ActiveCfg = Release|x86
		{F34AF825-1AF5-4744-BE03-1A813FF84519}.AppStore|Any CPU.Build.0 = Release|x86
		{F34AF825-1AF5-4744-BE03-1A813FF84519}.AppStore|Any CPU.Deploy.0 = Release|x86
		{F34AF825-1AF5-4744-BE03-1A813FF84519}.AppStore|ARM.ActiveCfg = Release|ARM
		{F34AF825-1AF5-4744-BE03-1A813FF84519}.AppStore|ARM.Build.0 = Release|ARM
		{F34AF825-1AF5-4744-BE03-1A813FF84519}.AppStore|ARM.Deploy.0 = Release|ARM
		{F34AF825-1AF5-4744-BE03-1A813FF84519}.AppStore|iPhone.ActiveCfg = Release|x86
		{F34AF825-1AF5-4744-BE03-1A813FF84519}.AppStore|iPhone.Build.0 = Release|x86
		{F34AF825-1AF5-4744-BE03-1A813FF84519}.AppStore|iPhone.Deploy.0 = Release|x86
		{F34AF825-1AF5-4744-BE03-1A813FF84519}.AppStore|iPhoneSimulator.ActiveCfg = Release|x86
		{F34AF825-1AF5-4744-BE03-1A813FF84519}.AppStore|iPhoneSimulator.Build.0 = Release|x86
		{F34AF825-1AF5-4744-BE03-1A813FF84519}.AppStore|iPhoneSimulator.Deploy.0 = Release|x86
		{F34AF825-1AF5-4744-BE03-1A813FF84519}.AppStore|x64.ActiveCfg = Release|x64
		{F34AF825-1AF5-4744-BE03-1A813FF84519}.AppStore|x64.Build.0 = Release|x64
		{F34AF825-1AF5-4744-BE03-1A813FF84519}.AppStore|x64.Deploy.0 = Release|x64
		{F34AF825-1AF5-4744-BE03-1A813FF84519}.AppStore|x86.ActiveCfg = Release|x86
		{F34AF825-1AF5-4744-BE03-1A813FF84519}.AppStore|x86.Build.0 = Release|x86
		{F34AF825-1AF5-4744-BE03-1A813FF84519}.AppStore|x86.Deploy.0 = Release|x86
		{F34AF825-1AF5-4744-BE03-1A813FF84519}.Debug|Any CPU.ActiveCfg = Debug|x86
		{F34AF825-1AF5-4744-BE03-1A813FF84519}.Debug|ARM.ActiveCfg = Debug|ARM
		{F34AF825-1AF5-4744-BE03-1A813FF84519}.Debug|ARM.Build.0 = Debug|ARM
		{F34AF825-1AF5-4744-BE03-1A813FF84519}.Debug|ARM.Deploy.0 = Debug|ARM
		{F34AF825-1AF5-4744-BE03-1A813FF84519}.Debug|iPhone.ActiveCfg = Debug|x86
		{F34AF825-1AF5-4744-BE03-1A813FF84519}.Debug|iPhoneSimulator.ActiveCfg = Debug|x86
		{F34AF825-1AF5-4744-BE03-1A813FF84519}.Debug|x64.ActiveCfg = Debug|x64
		{F34AF825-1AF5-4744-BE03-1A813FF84519}.Debug|x64.Build.0 = Debug|x64
		{F34AF825-1AF5-4744-BE03-1A813FF84519}.Debug|x64.Deploy.0 = Debug|x64
		{F34AF825-1AF5-4744-BE03-1A813FF84519}.Debug|x86.ActiveCfg = Debug|x86
		{F34AF825-1AF5-4744-BE03-1A813FF84519}.Debug|x86.Build.0 = Debug|x86
		{F34AF825-1AF5-4744-BE03-1A813FF84519}.Debug|x86.Deploy.0 = Debug|x86
		{F34AF825-1AF5-4744-BE03-1A813FF84519}.Release|Any CPU.ActiveCfg = Release|x86
		{F34AF825-1AF5-4744-BE03-1A813FF84519}.Release|ARM.ActiveCfg = Release|ARM
		{F34AF825-1AF5-4744-BE03-1A813FF84519}.Release|ARM.Build.0 = Release|ARM
		{F34AF825-1AF5-4744-BE03-1A813FF84519}.Release|ARM.Deploy.0 = Release|ARM
		{F34AF825-1AF5-4744-BE03-1A813FF84519}.Release|iPhone.ActiveCfg = Release|x86
		{F34AF825-1AF5-4744-BE03-1A813FF84519}.Release|iPhoneSimulator.ActiveCfg = Release|x86
		{F34AF825-1AF5-4744-BE03-1A813FF84519}.Release|x64.ActiveCfg = Release|x64
		{F34AF825-1AF5-4744-BE03-1A813FF84519}.Release|x64.Build.0 = Release|x64
		{F34AF825-1AF5-4744-BE03-1A813FF84519}.Release|x64.Deploy.0 = Release|x64
		{F34AF825-1AF5-4744-BE03-1A813FF84519}.Release|x86.ActiveCfg = Release|x86
		{F34AF825-1AF5-4744-BE03-1A813FF84519}.Release|x86.Build.0 = Release|x86
		{F34AF825-1AF5-4744-BE03-1A813FF84519}.Release|x86.Deploy.0 = Release|x86
		{02BF4FFC-A22B-4BEA-8FD0-25F2F67C6B74}.Ad-Hoc|Any CPU.ActiveCfg = Release|Any CPU
		{02BF4FFC-A22B-4BEA-8FD0-25F2F67C6B74}.Ad-Hoc|Any CPU.Build.0 = Release|Any CPU
		{02BF4FFC-A22B-4BEA-8FD0-25F2F67C6B74}.Ad-Hoc|Any CPU.Deploy.0 = Release|Any CPU
		{02BF4FFC-A22B-4BEA-8FD0-25F2F67C6B74}.Ad-Hoc|ARM.ActiveCfg = Release|ARM
		{02BF4FFC-A22B-4BEA-8FD0-25F2F67C6B74}.Ad-Hoc|ARM.Build.0 = Release|ARM
		{02BF4FFC-A22B-4BEA-8FD0-25F2F67C6B74}.Ad-Hoc|ARM.Deploy.0 = Release|ARM
		{02BF4FFC-A22B-4BEA-8FD0-25F2F67C6B74}.Ad-Hoc|iPhone.ActiveCfg = Release|Any CPU
		{02BF4FFC-A22B-4BEA-8FD0-25F2F67C6B74}.Ad-Hoc|iPhone.Build.0 = Release|Any CPU
		{02BF4FFC-A22B-4BEA-8FD0-25F2F67C6B74}.Ad-Hoc|iPhone.Deploy.0 = Release|Any CPU
		{02BF4FFC-A22B-4BEA-8FD0-25F2F67C6B74}.Ad-Hoc|iPhoneSimulator.ActiveCfg = Release|Any CPU
		{02BF4FFC-A22B-4BEA-8FD0-25F2F67C6B74}.Ad-Hoc|iPhoneSimulator.Build.0 = Release|Any CPU
		{02BF4FFC-A22B-4BEA-8FD0-25F2F67C6B74}.Ad-Hoc|iPhoneSimulator.Deploy.0 = Release|Any CPU
		{02BF4FFC-A22B-4BEA-8FD0-25F2F67C6B74}.Ad-Hoc|x64.ActiveCfg = Release|x64
		{02BF4FFC-A22B-4BEA-8FD0-25F2F67C6B74}.Ad-Hoc|x64.Build.0 = Release|x64
		{02BF4FFC-A22B-4BEA-8FD0-25F2F67C6B74}.Ad-Hoc|x64.Deploy.0 = Release|x64
		{02BF4FFC-A22B-4BEA-8FD0-25F2F67C6B74}.Ad-Hoc|x86.ActiveCfg = Release|x86
		{02BF4FFC-A22B-4BEA-8FD0-25F2F67C6B74}.Ad-Hoc|x86.Build.0 = Release|x86
		{02BF4FFC-A22B-4BEA-8FD0-25F2F67C6B74}.Ad-Hoc|x86.Deploy.0 = Release|x86
		{02BF4FFC-A22B-4BEA-8FD0-25F2F67C6B74}.AppStore|Any CPU.ActiveCfg = Release|Any CPU
		{02BF4FFC-A22B-4BEA-8FD0-25F2F67C6B74}.AppStore|Any CPU.Build.0 = Release|Any CPU
		{02BF4FFC-A22B-4BEA-8FD0-25F2F67C6B74}.AppStore|Any CPU.Deploy.0 = Release|Any CPU
		{02BF4FFC-A22B-4BEA-8FD0-25F2F67C6B74}.AppStore|ARM.ActiveCfg = Release|ARM
		{02BF4FFC-A22B-4BEA-8FD0-25F2F67C6B74}.AppStore|ARM.Build.0 = Release|ARM
		{02BF4FFC-A22B-4BEA-8FD0-25F2F67C6B74}.AppStore|ARM.Deploy.0 = Release|ARM
		{02BF4FFC-A22B-4BEA-8FD0-25F2F67C6B74}.AppStore|iPhone.ActiveCfg = Release|Any CPU
		{02BF4FFC-A22B-4BEA-8FD0-25F2F67C6B74}.AppStore|iPhone.Build.0 = Release|Any CPU
		{02BF4FFC-A22B-4BEA-8FD0-25F2F67C6B74}.AppStore|iPhone.Deploy.0 = Release|Any CPU
		{02BF4FFC-A22B-4BEA-8FD0-25F2F67C6B74}.AppStore|iPhoneSimulator.ActiveCfg = Release|Any CPU
		{02BF4FFC-A22B-4BEA-8FD0-25F2F67C6B74}.AppStore|iPhoneSimulator.Build.0 = Release|Any CPU
		{02BF4FFC-A22B-4BEA-8FD0-25F2F67C6B74}.AppStore|iPhoneSimulator.Deploy.0 = Release|Any CPU
		{02BF4FFC-A22B-4BEA-8FD0-25F2F67C6B74}.AppStore|x64.ActiveCfg = Release|x64
		{02BF4FFC-A22B-4BEA-8FD0-25F2F67C6B74}.AppStore|x64.Build.0 = Release|x64
		{02BF4FFC-A22B-4BEA-8FD0-25F2F67C6B74}.AppStore|x64.Deploy.0 = Release|x64
		{02BF4FFC-A22B-4BEA-8FD0-25F2F67C6B74}.AppStore|x86.ActiveCfg = Release|x86
		{02BF4FFC-A22B-4BEA-8FD0-25F2F67C6B74}.AppStore|x86.Build.0 = Release|x86
		{02BF4FFC-A22B-4BEA-8FD0-25F2F67C6B74}.AppStore|x86.Deploy.0 = Release|x86
		{02BF4FFC-A22B-4BEA-8FD0-25F2F67C6B74}.Debug|Any CPU.ActiveCfg = Debug|Any CPU
		{02BF4FFC-A22B-4BEA-8FD0-25F2F67C6B74}.Debug|Any CPU.Build.0 = Debug|Any CPU
		{02BF4FFC-A22B-4BEA-8FD0-25F2F67C6B74}.Debug|Any CPU.Deploy.0 = Debug|Any CPU
		{02BF4FFC-A22B-4BEA-8FD0-25F2F67C6B74}.Debug|ARM.ActiveCfg = Debug|ARM
		{02BF4FFC-A22B-4BEA-8FD0-25F2F67C6B74}.Debug|ARM.Build.0 = Debug|ARM
		{02BF4FFC-A22B-4BEA-8FD0-25F2F67C6B74}.Debug|ARM.Deploy.0 = Debug|ARM
		{02BF4FFC-A22B-4BEA-8FD0-25F2F67C6B74}.Debug|iPhone.ActiveCfg = Debug|Any CPU
		{02BF4FFC-A22B-4BEA-8FD0-25F2F67C6B74}.Debug|iPhone.Build.0 = Debug|Any CPU
		{02BF4FFC-A22B-4BEA-8FD0-25F2F67C6B74}.Debug|iPhone.Deploy.0 = Debug|Any CPU
		{02BF4FFC-A22B-4BEA-8FD0-25F2F67C6B74}.Debug|iPhoneSimulator.ActiveCfg = Debug|Any CPU
		{02BF4FFC-A22B-4BEA-8FD0-25F2F67C6B74}.Debug|iPhoneSimulator.Build.0 = Debug|Any CPU
		{02BF4FFC-A22B-4BEA-8FD0-25F2F67C6B74}.Debug|iPhoneSimulator.Deploy.0 = Debug|Any CPU
		{02BF4FFC-A22B-4BEA-8FD0-25F2F67C6B74}.Debug|x64.ActiveCfg = Debug|x64
		{02BF4FFC-A22B-4BEA-8FD0-25F2F67C6B74}.Debug|x64.Build.0 = Debug|x64
		{02BF4FFC-A22B-4BEA-8FD0-25F2F67C6B74}.Debug|x64.Deploy.0 = Debug|x64
		{02BF4FFC-A22B-4BEA-8FD0-25F2F67C6B74}.Debug|x86.ActiveCfg = Debug|x86
		{02BF4FFC-A22B-4BEA-8FD0-25F2F67C6B74}.Debug|x86.Build.0 = Debug|x86
		{02BF4FFC-A22B-4BEA-8FD0-25F2F67C6B74}.Debug|x86.Deploy.0 = Debug|x86
		{02BF4FFC-A22B-4BEA-8FD0-25F2F67C6B74}.Release|Any CPU.ActiveCfg = Release|Any CPU
		{02BF4FFC-A22B-4BEA-8FD0-25F2F67C6B74}.Release|Any CPU.Build.0 = Release|Any CPU
		{02BF4FFC-A22B-4BEA-8FD0-25F2F67C6B74}.Release|Any CPU.Deploy.0 = Release|Any CPU
		{02BF4FFC-A22B-4BEA-8FD0-25F2F67C6B74}.Release|ARM.ActiveCfg = Release|ARM
		{02BF4FFC-A22B-4BEA-8FD0-25F2F67C6B74}.Release|ARM.Build.0 = Release|ARM
		{02BF4FFC-A22B-4BEA-8FD0-25F2F67C6B74}.Release|ARM.Deploy.0 = Release|ARM
		{02BF4FFC-A22B-4BEA-8FD0-25F2F67C6B74}.Release|iPhone.ActiveCfg = Release|Any CPU
		{02BF4FFC-A22B-4BEA-8FD0-25F2F67C6B74}.Release|iPhone.Build.0 = Release|Any CPU
		{02BF4FFC-A22B-4BEA-8FD0-25F2F67C6B74}.Release|iPhone.Deploy.0 = Release|Any CPU
		{02BF4FFC-A22B-4BEA-8FD0-25F2F67C6B74}.Release|iPhoneSimulator.ActiveCfg = Release|Any CPU
		{02BF4FFC-A22B-4BEA-8FD0-25F2F67C6B74}.Release|iPhoneSimulator.Build.0 = Release|Any CPU
		{02BF4FFC-A22B-4BEA-8FD0-25F2F67C6B74}.Release|iPhoneSimulator.Deploy.0 = Release|Any CPU
		{02BF4FFC-A22B-4BEA-8FD0-25F2F67C6B74}.Release|x64.ActiveCfg = Release|x64
		{02BF4FFC-A22B-4BEA-8FD0-25F2F67C6B74}.Release|x64.Build.0 = Release|x64
		{02BF4FFC-A22B-4BEA-8FD0-25F2F67C6B74}.Release|x64.Deploy.0 = Release|x64
		{02BF4FFC-A22B-4BEA-8FD0-25F2F67C6B74}.Release|x86.ActiveCfg = Release|x86
		{02BF4FFC-A22B-4BEA-8FD0-25F2F67C6B74}.Release|x86.Build.0 = Release|x86
		{02BF4FFC-A22B-4BEA-8FD0-25F2F67C6B74}.Release|x86.Deploy.0 = Release|x86
	EndGlobalSection
	GlobalSection(SolutionProperties) = preSolution
		HideSolutionNode = FALSE
	EndGlobalSection
EndGlobal
